<?xml version="1.0" encoding="utf-8"?>
<Project ToolsVersion="4.0" xmlns="http://schemas.microsoft.com/developer/msbuild/2003">
  <ItemGroup>
    <Filter Include="Source Files">
      <UniqueIdentifier>{4FC737F1-C7A5-4376-A066-2A32D752A2FF}</UniqueIdentifier>
      <Extensions>cpp;c;cc;cxx;def;odl;idl;hpj;bat;asm;asmx</Extensions>
    </Filter>
    <Filter Include="Header Files">
      <UniqueIdentifier>{93995380-89BD-4b04-88EB-625FBE52EBFB}</UniqueIdentifier>
      <Extensions>h;hh;hpp;hxx;hm;inl;inc;xsd</Extensions>
    </Filter>
  </ItemGroup>
  <ItemGroup>
    <ClInclude Include="..\src\crc32.h">
      <Filter>Header Files</Filter>
    </ClInclude>
    <ClInclude Include="..\src\deflate.h">
      <Filter>Header Files</Filter>
    </ClInclude>
    <ClInclude Include="..\src\inffast.h">
      <Filter>Header Files</Filter>
    </ClInclude>
    <ClInclude Include="..\src\inffixed.h">
      <Filter>Header Files</Filter>
    </ClInclude>
    <ClInclude Include="..\src\inflate.h">
      <Filter>Header Files</Filter>
    </ClInclude>
    <ClInclude Include="..\src\inftrees.h">
      <Filter>Header Files</Filter>
    </ClInclude>
    <ClInclude Include="..\src\physfs_casefolding.h">
      <Filter>Header Files</Filter>
    </ClInclude>
    <ClInclude Include="..\src\physfs_internal.h">
      <Filter>Header Files</Filter>
    </ClInclude>
    <ClInclude Include="..\src\physfs_platforms.h">
      <Filter>Header Files</Filter>
    </ClInclude>
    <ClInclude Include="..\src\trees.h">
      <Filter>Header Files</Filter>
    </ClInclude>
    <ClInclude Include="..\src\zconf.h">
      <Filter>Header Files</Filter>
    </ClInclude>
    <ClInclude Include="..\src\zlib.h">
      <Filter>Header Files</Filter>
    </ClInclude>
    <ClInclude Include="..\src\zutil.h">
      <Filter>Header Files</Filter>
    </ClInclude>
    <ClInclude Include="..\include\physfs.h">
      <Filter>Header Files</Filter>
    </ClInclude>
  </ItemGroup>
  <ItemGroup>
    <ClCompile Include="..\src\adler32.c">
      <Filter>Source Files</Filter>
    </ClCompile>
    <ClCompile Include="..\src\compress.c">
      <Filter>Source Files</Filter>
    </ClCompile>
    <ClCompile Include="..\src\crc32.c">
      <Filter>Source Files</Filter>
    </ClCompile>
    <ClCompile Include="..\src\deflate.c">
      <Filter>Source Files</Filter>
    </ClCompile>
    <ClCompile Include="..\src\dir.c">
      <Filter>Source Files</Filter>
    </ClCompile>
    <ClCompile Include="..\src\grp.c">
      <Filter>Source Files</Filter>
    </ClCompile>
    <ClCompile Include="..\src\gzio.c">
      <Filter>Source Files</Filter>
    </ClCompile>
    <ClCompile Include="..\src\hog.c">
      <Filter>Source Files</Filter>
    </ClCompile>
    <ClCompile Include="..\src\infback.c">
      <Filter>Source Files</Filter>
    </ClCompile>
    <ClCompile Include="..\src\inffast.c">
      <Filter>Source Files</Filter>
    </ClCompile>
    <ClCompile Include="..\src\inflate.c">
      <Filter>Source Files</Filter>
    </ClCompile>
    <ClCompile Include="..\src\inftrees.c">
      <Filter>Source Files</Filter>
    </ClCompile>
    <ClCompile Include="..\src\lzma.c">
      <Filter>Source Files</Filter>
    </ClCompile>
    <ClCompile Include="..\src\macosx.c">
      <Filter>Source Files</Filter>
    </ClCompile>
    <ClCompile Include="..\src\mvl.c">
      <Filter>Source Files</Filter>
    </ClCompile>
    <ClCompile Include="..\src\os2.c">
      <Filter>Source Files</Filter>
    </ClCompile>
    <ClCompile Include="..\src\physfs.c">
      <Filter>Source Files</Filter>
    </ClCompile>
    <ClCompile Include="..\src\physfs_byteorder.c">
      <Filter>Source Files</Filter>
    </ClCompile>
    <ClCompile Include="..\src\physfs_unicode.c">
      <Filter>Source Files</Filter>
    </ClCompile>
    <ClCompile Include="..\src\pocketpc.c">
      <Filter>Source Files</Filter>
    </ClCompile>
    <ClCompile Include="..\src\posix.c">
      <Filter>Source Files</Filter>
    </ClCompile>
    <ClCompile Include="..\src\qpak.c">
      <Filter>Source Files</Filter>
    </ClCompile>
    <ClCompile Include="..\src\trees.c">
      <Filter>Source Files</Filter>
    </ClCompile>
    <ClCompile Include="..\src\uncompr.c">
      <Filter>Source Files</Filter>
    </ClCompile>
    <ClCompile Include="..\src\unix.c">
      <Filter>Source Files</Filter>
    </ClCompile>
    <ClCompile Include="..\src\wad.c">
      <Filter>Source Files</Filter>
    </ClCompile>
    <ClCompile Include="..\src\windows.c">
      <Filter>Source Files</Filter>
    </ClCompile>
    <ClCompile Include="..\src\zip.c">
      <Filter>Source Files</Filter>
    </ClCompile>
    <ClCompile Include="..\src\zutil.c">
      <Filter>Source Files</Filter>
    </ClCompile>
  </ItemGroup>
</Project>