<?xml version="1.0" encoding="utf-8"?>
<Project ToolsVersion="4.0" xmlns="http://schemas.microsoft.com/developer/msbuild/2003">
  <ItemGroup>
    <Filter Include="Source Files">
      <UniqueIdentifier>{4FC737F1-C7A5-4376-A066-2A32D752A2FF}</UniqueIdentifier>
      <Extensions>cpp;c;cc;cxx;def;odl;idl;hpj;bat;asm;asmx</Extensions>
    </Filter>
    <Filter Include="Header Files">
      <UniqueIdentifier>{93995380-89BD-4b04-88EB-625FBE52EBFB}</UniqueIdentifier>
      <Extensions>h;hpp;hxx;hm;inl;inc;xsd</Extensions>
    </Filter>
    <Filter Include="Data Files">
      <UniqueIdentifier>{65a7a63d-b516-479c-a4ac-b9d5f2738c29}</UniqueIdentifier>
      <ParseFiles>false</ParseFiles>
    </Filter>
    <Filter Include="Data Files\Shader Files">
      <UniqueIdentifier>{c376c110-f0c4-48e5-884e-52a673c581a6}</UniqueIdentifier>
      <Extensions>frag;vert</Extensions>
      <ParseFiles>false</ParseFiles>
    </Filter>
    <Filter Include="Data Files\Config Files">
      <UniqueIdentifier>{d36b9a2d-ccba-4917-a22d-bb9347f65f83}</UniqueIdentifier>
      <ParseFiles>false</ParseFiles>
      <Extensions>lua</Extensions>
    </Filter>
  </ItemGroup>
  <ItemGroup>
    <ClCompile Include="..\src\oxcart_delegate.c">
      <Filter>Source Files</Filter>
    </ClCompile>
    <ClCompile Include="..\src\oxcart_assert.c">
      <Filter>Source Files</Filter>
    </ClCompile>
    <ClCompile Include="..\src\oxcart_app.c">
      <Filter>Source Files</Filter>
    </ClCompile>
    <ClCompile Include="..\src\oxcart_gl.c">
      <Filter>Source Files</Filter>
    </ClCompile>
    <ClCompile Include="..\src\oxcart_shader.c">
      <Filter>Source Files</Filter>
    </ClCompile>
    <ClCompile Include="..\src\oxcart_wgl.c">
      <Filter>Source Files</Filter>
    </ClCompile>
    <ClCompile Include="..\src\oxcart_atlas.c">
      <Filter>Source Files</Filter>
    </ClCompile>
    <ClCompile Include="..\src\oxcart_vector.c">
      <Filter>Source Files</Filter>
    </ClCompile>
    <ClCompile Include="..\src\oxcart_text.c">
      <Filter>Source Files</Filter>
    </ClCompile>
    <ClCompile Include="..\src\oxcart_scene.c">
      <Filter>Source Files</Filter>
    </ClCompile>
    <ClCompile Include="..\src\oxcart_state.c">
      <Filter>Source Files</Filter>
    </ClCompile>
    <ClCompile Include="..\src\oxcart_font.c">
      <Filter>Source Files</Filter>
    </ClCompile>
    <ClCompile Include="..\src\oxcart_cube.c">
      <Filter>Source Files</Filter>
    </ClCompile>
    <ClCompile Include="..\src\oxcart_lua.c">
      <Filter>Source Files</Filter>
    </ClCompile>
    <ClCompile Include="..\src\oxcart_hashmap.c">
      <Filter>Source Files</Filter>
    </ClCompile>
    <ClCompile Include="..\src\oxcart_nvpr.c">
      <Filter>Source Files</Filter>
    </ClCompile>
  </ItemGroup>
  <ItemGroup>
    <ClInclude Include="..\src\oxcart_assert.h">
      <Filter>Header Files</Filter>
    </ClInclude>
    <ClInclude Include="..\src\oxcart_gl.h">
      <Filter>Header Files</Filter>
    </ClInclude>
    <ClInclude Include="..\src\oxcart_app.h">
      <Filter>Header Files</Filter>
    </ClInclude>
    <ClInclude Include="..\src\oxcart_delegate.h">
      <Filter>Header Files</Filter>
    </ClInclude>
    <ClInclude Include="..\src\oxcart_shader.h">
      <Filter>Header Files</Filter>
    </ClInclude>
    <ClInclude Include="..\src\oxcart_wgl.h">
      <Filter>Header Files</Filter>
    </ClInclude>
    <ClInclude Include="..\src\oxcart_util.h">
      <Filter>Header Files</Filter>
    </ClInclude>
    <ClInclude Include="..\src\oxcart_atlas.h">
      <Filter>Header Files</Filter>
    </ClInclude>
    <ClInclude Include="..\src\oxcart_math.h">
      <Filter>Header Files</Filter>
    </ClInclude>
    <ClInclude Include="..\src\oxcart_vector.h">
      <Filter>Header Files</Filter>
    </ClInclude>
    <ClInclude Include="..\src\oxcart_text.h">
      <Filter>Header Files</Filter>
    </ClInclude>
    <ClInclude Include="..\src\oxcart_scene.h">
      <Filter>Header Files</Filter>
    </ClInclude>
    <ClInclude Include="..\src\oxcart_state.h">
      <Filter>Header Files</Filter>
    </ClInclude>
    <ClInclude Include="..\src\oxcart_font.h">
      <Filter>Header Files</Filter>
    </ClInclude>
    <ClInclude Include="..\src\oxcart_cube.h">
      <Filter>Header Files</Filter>
    </ClInclude>
    <ClInclude Include="..\src\oxcart_lua.h">
      <Filter>Header Files</Filter>
    </ClInclude>
    <ClInclude Include="..\src\oxcart_hashmap.h">
      <Filter>Header Files</Filter>
    </ClInclude>
    <ClInclude Include="..\src\oxcart_nvpr.h">
      <Filter>Header Files</Filter>
    </ClInclude>
  </ItemGroup>
  <ItemGroup>
    <None Include="..\src\oxcart_math.inl">
      <Filter>Header Files</Filter>
    </None>
    <None Include="..\dat\shader\oxcart_cube.frag">
      <Filter>Data Files\Shader Files</Filter>
    </None>
    <None Include="..\dat\shader\oxcart_cube.vert">
      <Filter>Data Files\Shader Files</Filter>
    </None>
    <None Include="..\dat\shader\oxcart_text.frag">
      <Filter>Data Files\Shader Files</Filter>
    </None>
    <None Include="..\dat\shader\oxcart_text.vert">
      <Filter>Data Files\Shader Files</Filter>
    </None>
    <None Include="..\dat\config\oxcart_app.lua">
      <Filter>Data Files\Config Files</Filter>
    </None>
    <None Include="..\dat\config\oxcart_text.lua">
      <Filter>Data Files\Config Files</Filter>
    </None>
  </ItemGroup>
</Project>